lockfileVersion: '9.0'

settings:
  autoInstallPeers: true
  excludeLinksFromLockfile: false

importers:

  .:
    dependencies:
      date-fns:
        specifier: ^4.1.0
        version: 4.1.0
      fast-xml-parser:
        specifier: ^5.0.2
        version: 5.0.2
    devDependencies:
      '@cloudflare/workers-types':
        specifier: ^4.20250214.0
        version: 4.20250214.0

packages:

  '@cloudflare/workers-types@4.20250214.0':
    resolution: {integrity: sha512-+M8oOFVbyXT5GeJrYLWMUGyPf5wGB4+k59PPqdedtOig7NjZ5r4S79wMdaZ/EV5IV8JPtZBSNjTKpDnNmfxjaQ==}

  date-fns@4.1.0:
    resolution: {integrity: sha512-Ukq0owbQXxa/U3EGtsdVBkR1w7KOQ5gIBqdH2hkvknzZPYvBxb/aa6E8L7tmjFtkwZBu3UXBbjIgPo/Ez4xaNg==}

  fast-xml-parser@5.0.2:
    resolution: {integrity: sha512-6jV5fRIEpLdoNbKqwFn5wFeKGgke5Gpsss6YQ1/I5HlKS9U5odEPUmrqSZaiIS7JUFqlEPVR5WogQIkr9PdUWQ==}
    hasBin: true

  strnum@1.0.5:
    resolution: {integrity: sha512-J8bbNyKKXl5qYcR36TIO8W3mVGVHrmmxsd5PAItGkmyzwJvybiw2IVq5nqd0i4LSNSkB/sx9VHllbfFdr9k1JA==}

snapshots:

  '@cloudflare/workers-types@4.20250214.0': {}

  date-fns@4.1.0: {}

  fast-xml-parser@5.0.2:
    dependencies:
      strnum: 1.0.5

  strnum@1.0.5: {}
